
Microsoft Visual Studio Solution File, Format Version 10.00
# Visual Studio 2008
Project("{FAE04EC0-301F-11D3-BF4B-00C04F79EFBC}") = "ManagedFusion.Rewriter", "Source\ManagedFusion.Rewriter.csproj", "{4C655AE4-83F4-4A0F-BFC0-95689A50BCDD}"
EndProject
Project("{2150E333-8FDC-42A3-9474-1A3956D46DE8}") = "Solution Items", "Solution Items", "{7DF4E22B-3D00-44F6-BD18-E68C585068C8}"
	ProjectSection(SolutionItems) = preProject
		example - ManagedFusion.Rewriter.txt = example - ManagedFusion.Rewriter.txt
		ManagedFusion.Rewriter.testrunconfig = ManagedFusion.Rewriter.testrunconfig
		ManagedFusion.Rewriter.vsmdi = ManagedFusion.Rewriter.vsmdi
		ms-pl.html = ms-pl.html
		Read Me.txt = Read Me.txt
		rewrite_schema.xml = rewrite_schema.xml
	EndProjectSection
EndProject
Project("{FAE04EC0-301F-11D3-BF4B-00C04F79EFBC}") = "ManagedFusion.Rewriter.Test", "Tests\Unit\ManagedFusion.Rewriter.Test.csproj", "{1FFC4726-A607-41AE-8EC9-6349A0432DBE}"
EndProject
Project("{FAE04EC0-301F-11D3-BF4B-00C04F79EFBC}") = "WebApplication", "Tests\WebApplication\WebApplication.csproj", "{D653BA1D-5F0F-4F0A-9C8B-A2C012206E15}"
EndProject
Project("{FAE04EC0-301F-11D3-BF4B-00C04F79EFBC}") = "WebApplicationAjax", "Tests\WebApplicationAjax\WebApplicationAjax.csproj", "{20D7B1DD-0B8A-48C1-BBD3-D3D5E2FD12B2}"
EndProject
Project("{E24C65DC-7377-472B-9ABA-BC803B73C61A}") = "Website", "Tests\Website", "{B02FB97C-B6C7-4ABF-B0D9-D22DBA47D0D1}"
	ProjectSection(WebsiteProperties) = preProject
		SccProjectName = "SAK"
		SccAuxPath = "SAK"
		SccLocalPath = "SAK"
		SccProvider = "SAK"
		TargetFramework = "3.5"
		ProjectReferences = "{4C655AE4-83F4-4A0F-BFC0-95689A50BCDD}|ManagedFusion.Rewriter.dll;"
		Debug.AspNetCompiler.VirtualPath = "/Website"
		Debug.AspNetCompiler.PhysicalPath = "Tests\Website\"
		Debug.AspNetCompiler.TargetPath = "PrecompiledWeb\Website\"
		Debug.AspNetCompiler.Updateable = "true"
		Debug.AspNetCompiler.ForceOverwrite = "true"
		Debug.AspNetCompiler.FixedNames = "false"
		Debug.AspNetCompiler.Debug = "True"
		Release.AspNetCompiler.VirtualPath = "/Website"
		Release.AspNetCompiler.PhysicalPath = "Tests\Website\"
		Release.AspNetCompiler.TargetPath = "PrecompiledWeb\Website\"
		Release.AspNetCompiler.Updateable = "true"
		Release.AspNetCompiler.ForceOverwrite = "true"
		Release.AspNetCompiler.FixedNames = "false"
		Release.AspNetCompiler.Debug = "False"
		VWDPort = "6986"
	EndProjectSection
EndProject
Project("{2150E333-8FDC-42A3-9474-1A3956D46DE8}") = "Test Webs", "Test Webs", "{52278F72-C8ED-40F4-8241-9F55C01D7CBB}"
EndProject
Project("{FAE04EC0-301F-11D3-BF4B-00C04F79EFBC}") = "ManagedFusion.Rewriter.Contrib", "..\ManagedFusion.Rewriter.Contrib\Source\ManagedFusion.Rewriter.Contrib.csproj", "{637C22D0-ED49-476F-A13B-3EBE716D99DF}"
EndProject
Global
	GlobalSection(TeamFoundationVersionControl) = preSolution
		SccNumberOfProjects = 7
		SccEnterpriseProvider = {4CA58AB2-18FA-4F8D-95D4-32DDF27D184C}
		SccTeamFoundationServer = https://team.managedfusion.com/
		SccLocalPath0 = .
		SccProjectUniqueName1 = Source\\ManagedFusion.Rewriter.csproj
		SccProjectName1 = Source
		SccLocalPath1 = Source
		SccProjectUniqueName2 = Tests\\Unit\\ManagedFusion.Rewriter.Test.csproj
		SccProjectName2 = Tests/Unit
		SccLocalPath2 = Tests\\Unit
		SccProjectUniqueName3 = Tests\\WebApplication\\WebApplication.csproj
		SccProjectTopLevelParentUniqueName3 = ManagedFusion.Rewriter.sln
		SccProjectName3 = Tests/WebApplication
		SccLocalPath3 = Tests\\WebApplication
		SccProjectUniqueName4 = Tests\\WebApplicationAjax\\WebApplicationAjax.csproj
		SccProjectTopLevelParentUniqueName4 = ManagedFusion.Rewriter.sln
		SccProjectName4 = Tests/WebApplicationAjax
		SccLocalPath4 = Tests\\WebApplicationAjax
		SccWebProject5 = true
		SccProjectUniqueName5 = Tests\\Website
		SccProjectTopLevelParentUniqueName5 = ManagedFusion.Rewriter.sln
		SccLocalPath5 = .
		SccProjectFilePathRelativizedFromConnection5 = Tests\\Website\\
		SccProjectEnlistmentChoice5 = 2
		SccProjectUniqueName6 = ..\\ManagedFusion.Rewriter.Contrib\\Source\\ManagedFusion.Rewriter.Contrib.csproj
		SccProjectName6 = ../ManagedFusion.Rewriter.Contrib/Source
		SccLocalPath6 = ..\\ManagedFusion.Rewriter.Contrib\\Source
	EndGlobalSection
	GlobalSection(TestCaseManagementSettings) = postSolution
		CategoryFile = ManagedFusion.Rewriter.vsmdi
	EndGlobalSection
	GlobalSection(SolutionConfigurationPlatforms) = preSolution
		Debug|Any CPU = Debug|Any CPU
		Release|Any CPU = Release|Any CPU
	EndGlobalSection
	GlobalSection(ProjectConfigurationPlatforms) = postSolution
		{4C655AE4-83F4-4A0F-BFC0-95689A50BCDD}.Debug|Any CPU.ActiveCfg = Debug|Any CPU
		{4C655AE4-83F4-4A0F-BFC0-95689A50BCDD}.Debug|Any CPU.Build.0 = Debug|Any CPU
		{4C655AE4-83F4-4A0F-BFC0-95689A50BCDD}.Release|Any CPU.ActiveCfg = Release|Any CPU
		{4C655AE4-83F4-4A0F-BFC0-95689A50BCDD}.Release|Any CPU.Build.0 = Release|Any CPU
		{1FFC4726-A607-41AE-8EC9-6349A0432DBE}.Debug|Any CPU.ActiveCfg = Debug|Any CPU
		{1FFC4726-A607-41AE-8EC9-6349A0432DBE}.Debug|Any CPU.Build.0 = Debug|Any CPU
		{1FFC4726-A607-41AE-8EC9-6349A0432DBE}.Release|Any CPU.ActiveCfg = Release|Any CPU
		{D653BA1D-5F0F-4F0A-9C8B-A2C012206E15}.Debug|Any CPU.ActiveCfg = Debug|Any CPU
		{D653BA1D-5F0F-4F0A-9C8B-A2C012206E15}.Debug|Any CPU.Build.0 = Debug|Any CPU
		{D653BA1D-5F0F-4F0A-9C8B-A2C012206E15}.Release|Any CPU.ActiveCfg = Release|Any CPU
		{D653BA1D-5F0F-4F0A-9C8B-A2C012206E15}.Release|Any CPU.Build.0 = Release|Any CPU
		{20D7B1DD-0B8A-48C1-BBD3-D3D5E2FD12B2}.Debug|Any CPU.ActiveCfg = Debug|Any CPU
		{20D7B1DD-0B8A-48C1-BBD3-D3D5E2FD12B2}.Debug|Any CPU.Build.0 = Debug|Any CPU
		{20D7B1DD-0B8A-48C1-BBD3-D3D5E2FD12B2}.Release|Any CPU.ActiveCfg = Release|Any CPU
		{20D7B1DD-0B8A-48C1-BBD3-D3D5E2FD12B2}.Release|Any CPU.Build.0 = Release|Any CPU
		{B02FB97C-B6C7-4ABF-B0D9-D22DBA47D0D1}.Debug|Any CPU.ActiveCfg = Debug|Any CPU
		{B02FB97C-B6C7-4ABF-B0D9-D22DBA47D0D1}.Debug|Any CPU.Build.0 = Debug|Any CPU
		{B02FB97C-B6C7-4ABF-B0D9-D22DBA47D0D1}.Release|Any CPU.ActiveCfg = Debug|Any CPU
		{B02FB97C-B6C7-4ABF-B0D9-D22DBA47D0D1}.Release|Any CPU.Build.0 = Debug|Any CPU
		{637C22D0-ED49-476F-A13B-3EBE716D99DF}.Debug|Any CPU.ActiveCfg = Debug|Any CPU
		{637C22D0-ED49-476F-A13B-3EBE716D99DF}.Debug|Any CPU.Build.0 = Debug|Any CPU
		{637C22D0-ED49-476F-A13B-3EBE716D99DF}.Release|Any CPU.ActiveCfg = Release|Any CPU
		{637C22D0-ED49-476F-A13B-3EBE716D99DF}.Release|Any CPU.Build.0 = Release|Any CPU
	EndGlobalSection
	GlobalSection(SolutionProperties) = preSolution
		HideSolutionNode = FALSE
	EndGlobalSection
	GlobalSection(NestedProjects) = preSolution
		{20D7B1DD-0B8A-48C1-BBD3-D3D5E2FD12B2} = {52278F72-C8ED-40F4-8241-9F55C01D7CBB}
		{B02FB97C-B6C7-4ABF-B0D9-D22DBA47D0D1} = {52278F72-C8ED-40F4-8241-9F55C01D7CBB}
		{D653BA1D-5F0F-4F0A-9C8B-A2C012206E15} = {52278F72-C8ED-40F4-8241-9F55C01D7CBB}
	EndGlobalSection
EndGlobal
