
Microsoft Visual Studio Solution File, Format Version 11.00
# Visual Studio 2010
Project("{2150E333-8FDC-42A3-9474-1A3956D46DE8}") = "Solution Items", "Solution Items", "{7DF4E22B-3D00-44F6-BD18-E68C585068C8}"
	ProjectSection(SolutionItems) = preProject
		example - ManagedFusion.Rewriter.txt = example - ManagedFusion.Rewriter.txt
		ManagedFusion.Rewriter.msbuild = ManagedFusion.Rewriter.msbuild
		ms-pl.html = ms-pl.html
		README.txt = README.txt
		rewrite_schema.xml = rewrite_schema.xml
	EndProjectSection
EndProject
Project("{FAE04EC0-301F-11D3-BF4B-00C04F79EFBC}") = "ManagedFusion.Rewriter", "src\ManagedFusion.Rewriter.csproj", "{4C655AE4-83F4-4A0F-BFC0-95689A50BCDD}"
EndProject
Project("{FAE04EC0-301F-11D3-BF4B-00C04F79EFBC}") = "ManagedFusion.Rewriter.Tests", "test\ManagedFusion.Rewriter.Tests\ManagedFusion.Rewriter.Tests.csproj", "{1FFC4726-A607-41AE-8EC9-6349A0432DBE}"
EndProject
Project("{2150E333-8FDC-42A3-9474-1A3956D46DE8}") = "NuGet", "NuGet", "{B249827E-F6A2-40A2-AA81-C53121CBEBA5}"
	ProjectSection(SolutionItems) = preProject
		nuget\ManagedFusion.Rewriter.nuspec = nuget\ManagedFusion.Rewriter.nuspec
		nuget\content\ManagedFusion.Rewriter.txt = nuget\content\ManagedFusion.Rewriter.txt
		nuget\content\web.config.transform = nuget\content\web.config.transform
	EndProjectSection
EndProject
Global
	GlobalSection(SolutionConfigurationPlatforms) = preSolution
		Debug|Any CPU = Debug|Any CPU
		Release|Any CPU = Release|Any CPU
	EndGlobalSection
	GlobalSection(ProjectConfigurationPlatforms) = postSolution
		{4C655AE4-83F4-4A0F-BFC0-95689A50BCDD}.Debug|Any CPU.ActiveCfg = Debug|Any CPU
		{4C655AE4-83F4-4A0F-BFC0-95689A50BCDD}.Debug|Any CPU.Build.0 = Debug|Any CPU
		{4C655AE4-83F4-4A0F-BFC0-95689A50BCDD}.Release|Any CPU.ActiveCfg = Release|Any CPU
		{4C655AE4-83F4-4A0F-BFC0-95689A50BCDD}.Release|Any CPU.Build.0 = Release|Any CPU
		{1FFC4726-A607-41AE-8EC9-6349A0432DBE}.Debug|Any CPU.ActiveCfg = Debug|Any CPU
		{1FFC4726-A607-41AE-8EC9-6349A0432DBE}.Debug|Any CPU.Build.0 = Debug|Any CPU
		{1FFC4726-A607-41AE-8EC9-6349A0432DBE}.Release|Any CPU.ActiveCfg = Release|Any CPU
		{1FFC4726-A607-41AE-8EC9-6349A0432DBE}.Release|Any CPU.Build.0 = Release|Any CPU
	EndGlobalSection
	GlobalSection(SolutionProperties) = preSolution
		HideSolutionNode = FALSE
	EndGlobalSection
EndGlobal
